// !$*UTF8*$!
{
	archiveVersion = 1;
	classes = {
	};
	objectVersion = 56;
	objects = {

/* Begin PBXBuildFile section */
		847A04F1A9E1CEC4342F226D /* Pods_Messenger.framework in Frameworks */ = {isa = PBXBuildFile; fileRef = A7430E5297C6D888B2763C3B /* Pods_Messenger.framework */; };
		C57E36F6292633CE008DE4E3 /* DatabaseManager.swift in Sources */ = {isa = PBXBuildFile; fileRef = C57E36F5292633CE008DE4E3 /* DatabaseManager.swift */; };
		C57E36F8292639A9008DE4E3 /* GoogleService-Info.plist in Resources */ = {isa = PBXBuildFile; fileRef = C57E36F7292639A9008DE4E3 /* GoogleService-Info.plist */; };
		C587605429229C150079F5AE /* LoginViewController.swift in Sources */ = {isa = PBXBuildFile; fileRef = C587605329229C150079F5AE /* LoginViewController.swift */; };
		C587605629229C1E0079F5AE /* RegisterViewController.swift in Sources */ = {isa = PBXBuildFile; fileRef = C587605529229C1E0079F5AE /* RegisterViewController.swift */; };
		C587605829229C580079F5AE /* PhotoViewerViewController.swift in Sources */ = {isa = PBXBuildFile; fileRef = C587605729229C580079F5AE /* PhotoViewerViewController.swift */; };
		C587605A29229C960079F5AE /* VideoPlayerViewController.swift in Sources */ = {isa = PBXBuildFile; fileRef = C587605929229C960079F5AE /* VideoPlayerViewController.swift */; };
		C587605C29229CDA0079F5AE /* NewConversationViewController.swift in Sources */ = {isa = PBXBuildFile; fileRef = C587605B29229CDA0079F5AE /* NewConversationViewController.swift */; };
		C587605E29229CE30079F5AE /* ProfileViewController.swift in Sources */ = {isa = PBXBuildFile; fileRef = C587605D29229CE30079F5AE /* ProfileViewController.swift */; };
		C58760652923CD460079F5AE /* Extensions.swift in Sources */ = {isa = PBXBuildFile; fileRef = C58760642923CD460079F5AE /* Extensions.swift */; };
		C5AADA502902624500D587B1 /* AppDelegate.swift in Sources */ = {isa = PBXBuildFile; fileRef = C5AADA4F2902624500D587B1 /* AppDelegate.swift */; };
		C5AADA522902624500D587B1 /* SceneDelegate.swift in Sources */ = {isa = PBXBuildFile; fileRef = C5AADA512902624500D587B1 /* SceneDelegate.swift */; };
		C5AADA542902624500D587B1 /* ConversationsViewController.swift in Sources */ = {isa = PBXBuildFile; fileRef = C5AADA532902624500D587B1 /* ConversationsViewController.swift */; };
		C5AADA572902624500D587B1 /* Main.storyboard in Resources */ = {isa = PBXBuildFile; fileRef = C5AADA552902624500D587B1 /* Main.storyboard */; };
		C5AADA592902624700D587B1 /* Assets.xcassets in Resources */ = {isa = PBXBuildFile; fileRef = C5AADA582902624700D587B1 /* Assets.xcassets */; };
		C5AADA5C2902624700D587B1 /* LaunchScreen.storyboard in Resources */ = {isa = PBXBuildFile; fileRef = C5AADA5A2902624700D587B1 /* LaunchScreen.storyboard */; };
/* End PBXBuildFile section */

/* Begin PBXFileReference section */
		52271F1474BD23429460F5F5 /* Pods-Messenger.debug.xcconfig */ = {isa = PBXFileReference; includeInIndex = 1; lastKnownFileType = text.xcconfig; name = "Pods-Messenger.debug.xcconfig"; path = "Target Support Files/Pods-Messenger/Pods-Messenger.debug.xcconfig"; sourceTree = "<group>"; };
		A7430E5297C6D888B2763C3B /* Pods_Messenger.framework */ = {isa = PBXFileReference; explicitFileType = wrapper.framework; includeInIndex = 0; path = Pods_Messenger.framework; sourceTree = BUILT_PRODUCTS_DIR; };
		B63B3CF6923F4CA8F4BE9065 /* Pods-Messenger.release.xcconfig */ = {isa = PBXFileReference; includeInIndex = 1; lastKnownFileType = text.xcconfig; name = "Pods-Messenger.release.xcconfig"; path = "Target Support Files/Pods-Messenger/Pods-Messenger.release.xcconfig"; sourceTree = "<group>"; };
		C57E36F5292633CE008DE4E3 /* DatabaseManager.swift */ = {isa = PBXFileReference; lastKnownFileType = sourcecode.swift; path = DatabaseManager.swift; sourceTree = "<group>"; };
		C57E36F7292639A9008DE4E3 /* GoogleService-Info.plist */ = {isa = PBXFileReference; fileEncoding = 4; lastKnownFileType = text.plist.xml; path = "GoogleService-Info.plist"; sourceTree = "<group>"; };
		C587605329229C150079F5AE /* LoginViewController.swift */ = {isa = PBXFileReference; lastKnownFileType = sourcecode.swift; path = LoginViewController.swift; sourceTree = "<group>"; };
		C587605529229C1E0079F5AE /* RegisterViewController.swift */ = {isa = PBXFileReference; lastKnownFileType = sourcecode.swift; path = RegisterViewController.swift; sourceTree = "<group>"; };
		C587605729229C580079F5AE /* PhotoViewerViewController.swift */ = {isa = PBXFileReference; lastKnownFileType = sourcecode.swift; path = PhotoViewerViewController.swift; sourceTree = "<group>"; };
		C587605929229C960079F5AE /* VideoPlayerViewController.swift */ = {isa = PBXFileReference; lastKnownFileType = sourcecode.swift; path = VideoPlayerViewController.swift; sourceTree = "<group>"; };
		C587605B29229CDA0079F5AE /* NewConversationViewController.swift */ = {isa = PBXFileReference; lastKnownFileType = sourcecode.swift; path = NewConversationViewController.swift; sourceTree = "<group>"; };
		C587605D29229CE30079F5AE /* ProfileViewController.swift */ = {isa = PBXFileReference; lastKnownFileType = sourcecode.swift; path = ProfileViewController.swift; sourceTree = "<group>"; };
		C58760642923CD460079F5AE /* Extensions.swift */ = {isa = PBXFileReference; lastKnownFileType = sourcecode.swift; path = Extensions.swift; sourceTree = "<group>"; };
		C5AADA4C2902624500D587B1 /* Messenger.app */ = {isa = PBXFileReference; explicitFileType = wrapper.application; includeInIndex = 0; path = Messenger.app; sourceTree = BUILT_PRODUCTS_DIR; };
		C5AADA4F2902624500D587B1 /* AppDelegate.swift */ = {isa = PBXFileReference; lastKnownFileType = sourcecode.swift; path = AppDelegate.swift; sourceTree = "<group>"; };
		C5AADA512902624500D587B1 /* SceneDelegate.swift */ = {isa = PBXFileReference; lastKnownFileType = sourcecode.swift; path = SceneDelegate.swift; sourceTree = "<group>"; };
		C5AADA532902624500D587B1 /* ConversationsViewController.swift */ = {isa = PBXFileReference; lastKnownFileType = sourcecode.swift; path = ConversationsViewController.swift; sourceTree = "<group>"; };
		C5AADA562902624500D587B1 /* Base */ = {isa = PBXFileReference; lastKnownFileType = file.storyboard; name = Base; path = Base.lproj/Main.storyboard; sourceTree = "<group>"; };
		C5AADA582902624700D587B1 /* Assets.xcassets */ = {isa = PBXFileReference; lastKnownFileType = folder.assetcatalog; path = Assets.xcassets; sourceTree = "<group>"; };
		C5AADA5B2902624700D587B1 /* Base */ = {isa = PBXFileReference; lastKnownFileType = file.storyboard; name = Base; path = Base.lproj/LaunchScreen.storyboard; sourceTree = "<group>"; };
		C5AADA5D2902624700D587B1 /* Info.plist */ = {isa = PBXFileReference; lastKnownFileType = text.plist.xml; path = Info.plist; sourceTree = "<group>"; };
/* End PBXFileReference section */

/* Begin PBXFrameworksBuildPhase section */
		C5AADA492902624500D587B1 /* Frameworks */ = {
			isa = PBXFrameworksBuildPhase;
			buildActionMask = 2147483647;
			files = (
				847A04F1A9E1CEC4342F226D /* Pods_Messenger.framework in Frameworks */,
			);
			runOnlyForDeploymentPostprocessing = 0;
		};
/* End PBXFrameworksBuildPhase section */

/* Begin PBXGroup section */
		510D25333872DD480A264156 /* Pods */ = {
			isa = PBXGroup;
			children = (
				52271F1474BD23429460F5F5 /* Pods-Messenger.debug.xcconfig */,
				B63B3CF6923F4CA8F4BE9065 /* Pods-Messenger.release.xcconfig */,
			);
			path = Pods;
			sourceTree = "<group>";
		};
		C587604D292299400079F5AE /* Controllers */ = {
			isa = PBXGroup;
			children = (
				C587605F2922A98D0079F5AE /* Login */,
				C5AADA532902624500D587B1 /* ConversationsViewController.swift */,
				C587605729229C580079F5AE /* PhotoViewerViewController.swift */,
				C587605929229C960079F5AE /* VideoPlayerViewController.swift */,
				C587605B29229CDA0079F5AE /* NewConversationViewController.swift */,
				C587605D29229CE30079F5AE /* ProfileViewController.swift */,
			);
			path = Controllers;
			sourceTree = "<group>";
		};
		C587604E292299480079F5AE /* Views */ = {
			isa = PBXGroup;
			children = (
				C5876052292299CE0079F5AE /* Storyboards */,
				C5AADA582902624700D587B1 /* Assets.xcassets */,
			);
			path = Views;
			sourceTree = "<group>";
		};
		C587604F292299540079F5AE /* Models */ = {
			isa = PBXGroup;
			children = (
			);
			path = Models;
			sourceTree = "<group>";
		};
		C58760502922995A0079F5AE /* ViewModels */ = {
			isa = PBXGroup;
			children = (
			);
			path = ViewModels;
			sourceTree = "<group>";
		};
		C5876051292299620079F5AE /* Resources */ = {
			isa = PBXGroup;
			children = (
				C5AADA4F2902624500D587B1 /* AppDelegate.swift */,
				C5AADA512902624500D587B1 /* SceneDelegate.swift */,
				C58760642923CD460079F5AE /* Extensions.swift */,
				C57E36F5292633CE008DE4E3 /* DatabaseManager.swift */,
			);
			path = Resources;
			sourceTree = "<group>";
		};
		C5876052292299CE0079F5AE /* Storyboards */ = {
			isa = PBXGroup;
			children = (
				C5AADA552902624500D587B1 /* Main.storyboard */,
				C5AADA5A2902624700D587B1 /* LaunchScreen.storyboard */,
			);
			path = Storyboards;
			sourceTree = "<group>";
		};
		C587605F2922A98D0079F5AE /* Login */ = {
			isa = PBXGroup;
			children = (
				C587605329229C150079F5AE /* LoginViewController.swift */,
				C587605529229C1E0079F5AE /* RegisterViewController.swift */,
			);
			path = Login;
			sourceTree = "<group>";
		};
		C5AADA432902624500D587B1 = {
			isa = PBXGroup;
			children = (
				C5AADA4E2902624500D587B1 /* Messenger */,
				C5AADA4D2902624500D587B1 /* Products */,
				510D25333872DD480A264156 /* Pods */,
				E804A907B64920978B10840E /* Frameworks */,
			);
			sourceTree = "<group>";
		};
		C5AADA4D2902624500D587B1 /* Products */ = {
			isa = PBXGroup;
			children = (
				C5AADA4C2902624500D587B1 /* Messenger.app */,
			);
			name = Products;
			sourceTree = "<group>";
		};
		C5AADA4E2902624500D587B1 /* Messenger */ = {
			isa = PBXGroup;
			children = (
				C57E36F7292639A9008DE4E3 /* GoogleService-Info.plist */,
				C5876051292299620079F5AE /* Resources */,
				C58760502922995A0079F5AE /* ViewModels */,
				C587604F292299540079F5AE /* Models */,
				C587604E292299480079F5AE /* Views */,
				C587604D292299400079F5AE /* Controllers */,
				C5AADA5D2902624700D587B1 /* Info.plist */,
			);
			path = Messenger;
			sourceTree = "<group>";
		};
		E804A907B64920978B10840E /* Frameworks */ = {
			isa = PBXGroup;
			children = (
				A7430E5297C6D888B2763C3B /* Pods_Messenger.framework */,
			);
			name = Frameworks;
			sourceTree = "<group>";
		};
/* End PBXGroup section */

/* Begin PBXNativeTarget section */
		C5AADA4B2902624500D587B1 /* Messenger */ = {
			isa = PBXNativeTarget;
			buildConfigurationList = C5AADA602902624700D587B1 /* Build configuration list for PBXNativeTarget "Messenger" */;
			buildPhases = (
				FD084B7D8A9652968157B506 /* [CP] Check Pods Manifest.lock */,
				C5AADA482902624500D587B1 /* Sources */,
				C5AADA492902624500D587B1 /* Frameworks */,
				C5AADA4A2902624500D587B1 /* Resources */,
				C0EE0FB15941A02392A25412 /* [CP] Embed Pods Frameworks */,
			);
			buildRules = (
			);
			dependencies = (
			);
			name = Messenger;
			productName = Messenger;
			productReference = C5AADA4C2902624500D587B1 /* Messenger.app */;
			productType = "com.apple.product-type.application";
		};
/* End PBXNativeTarget section */

/* Begin PBXProject section */
		C5AADA442902624500D587B1 /* Project object */ = {
			isa = PBXProject;
			attributes = {
				BuildIndependentTargetsInParallel = 1;
				LastSwiftUpdateCheck = 1400;
				LastUpgradeCheck = 1400;
				TargetAttributes = {
					C5AADA4B2902624500D587B1 = {
						CreatedOnToolsVersion = 14.0.1;
					};
				};
			};
			buildConfigurationList = C5AADA472902624500D587B1 /* Build configuration list for PBXProject "Messenger" */;
			compatibilityVersion = "Xcode 14.0";
			developmentRegion = en;
			hasScannedForEncodings = 0;
			knownRegions = (
				en,
				Base,
			);
			mainGroup = C5AADA432902624500D587B1;
			productRefGroup = C5AADA4D2902624500D587B1 /* Products */;
			projectDirPath = "";
			projectRoot = "";
			targets = (
				C5AADA4B2902624500D587B1 /* Messenger */,
			);
		};
/* End PBXProject section */

/* Begin PBXResourcesBuildPhase section */
		C5AADA4A2902624500D587B1 /* Resources */ = {
			isa = PBXResourcesBuildPhase;
			buildActionMask = 2147483647;
			files = (
				C5AADA5C2902624700D587B1 /* LaunchScreen.storyboard in Resources */,
				C57E36F8292639A9008DE4E3 /* GoogleService-Info.plist in Resources */,
				C5AADA592902624700D587B1 /* Assets.xcassets in Resources */,
				C5AADA572902624500D587B1 /* Main.storyboard in Resources */,
			);
			runOnlyForDeploymentPostprocessing = 0;
		};
/* End PBXResourcesBuildPhase section */

/* Begin PBXShellScriptBuildPhase section */
		C0EE0FB15941A02392A25412 /* [CP] Embed Pods Frameworks */ = {
			isa = PBXShellScriptBuildPhase;
			buildActionMask = 2147483647;
			files = (
			);
			inputFileListPaths = (
				"${PODS_ROOT}/Target Support Files/Pods-Messenger/Pods-Messenger-frameworks-${CONFIGURATION}-input-files.xcfilelist",
			);
			name = "[CP] Embed Pods Frameworks";
			outputFileListPaths = (
				"${PODS_ROOT}/Target Support Files/Pods-Messenger/Pods-Messenger-frameworks-${CONFIGURATION}-output-files.xcfilelist",
			);
			runOnlyForDeploymentPostprocessing = 0;
			shellPath = /bin/sh;
			shellScript = "\"${PODS_ROOT}/Target Support Files/Pods-Messenger/Pods-Messenger-frameworks.sh\"\n";
			showEnvVarsInLog = 0;
		};
		FD084B7D8A9652968157B506 /* [CP] Check Pods Manifest.lock */ = {
			isa = PBXShellScriptBuildPhase;
			buildActionMask = 2147483647;
			files = (
			);
			inputFileListPaths = (
			);
			inputPaths = (
				"${PODS_PODFILE_DIR_PATH}/Podfile.lock",
				"${PODS_ROOT}/Manifest.lock",
			);
			name = "[CP] Check Pods Manifest.lock";
			outputFileListPaths = (
			);
			outputPaths = (
				"$(DERIVED_FILE_DIR)/Pods-Messenger-checkManifestLockResult.txt",
			);
			runOnlyForDeploymentPostprocessing = 0;
			shellPath = /bin/sh;
			shellScript = "diff \"${PODS_PODFILE_DIR_PATH}/Podfile.lock\" \"${PODS_ROOT}/Manifest.lock\" > /dev/null\nif [ $? != 0 ] ; then\n    # print error to STDERR\n    echo \"error: The sandbox is not in sync with the Podfile.lock. Run 'pod install' or update your CocoaPods installation.\" >&2\n    exit 1\nfi\n# This output is used by Xcode 'outputs' to avoid re-running this script phase.\necho \"SUCCESS\" > \"${SCRIPT_OUTPUT_FILE_0}\"\n";
			showEnvVarsInLog = 0;
		};
/* End PBXShellScriptBuildPhase section */

/* Begin PBXSourcesBuildPhase section */
		C5AADA482902624500D587B1 /* Sources */ = {
			isa = PBXSourcesBuildPhase;
			buildActionMask = 2147483647;
			files = (
				C587605429229C150079F5AE /* LoginViewController.swift in Sources */,
				C57E36F6292633CE008DE4E3 /* DatabaseManager.swift in Sources */,
				C587605629229C1E0079F5AE /* RegisterViewController.swift in Sources */,
				C587605C29229CDA0079F5AE /* NewConversationViewController.swift in Sources */,
				C5AADA542902624500D587B1 /* ConversationsViewController.swift in Sources */,
				C587605A29229C960079F5AE /* VideoPlayerViewController.swift in Sources */,
				C58760652923CD460079F5AE /* Extensions.swift in Sources */,
				C5AADA502902624500D587B1 /* AppDelegate.swift in Sources */,
				C587605E29229CE30079F5AE /* ProfileViewController.swift in Sources */,
				C5AADA522902624500D587B1 /* SceneDelegate.swift in Sources */,
				C587605829229C580079F5AE /* PhotoViewerViewController.swift in Sources */,
			);
			runOnlyForDeploymentPostprocessing = 0;
		};
/* End PBXSourcesBuildPhase section */

/* Begin PBXVariantGroup section */
		C5AADA552902624500D587B1 /* Main.storyboard */ = {
			isa = PBXVariantGroup;
			children = (
				C5AADA562902624500D587B1 /* Base */,
			);
			name = Main.storyboard;
			sourceTree = "<group>";
		};
		C5AADA5A2902624700D587B1 /* LaunchScreen.storyboard */ = {
			isa = PBXVariantGroup;
			children = (
				C5AADA5B2902624700D587B1 /* Base */,
			);
			name = LaunchScreen.storyboard;
			sourceTree = "<group>";
		};
/* End PBXVariantGroup section */

/* Begin XCBuildConfiguration section */
		C5AADA5E2902624700D587B1 /* Debug */ = {
			isa = XCBuildConfiguration;
			buildSettings = {
				ALWAYS_SEARCH_USER_PATHS = NO;
				CLANG_ANALYZER_NONNULL = YES;
				CLANG_ANALYZER_NUMBER_OBJECT_CONVERSION = YES_AGGRESSIVE;
				CLANG_CXX_LANGUAGE_STANDARD = "gnu++20";
				CLANG_ENABLE_MODULES = YES;
				CLANG_ENABLE_OBJC_ARC = YES;
				CLANG_ENABLE_OBJC_WEAK = YES;
				CLANG_WARN_BLOCK_CAPTURE_AUTORELEASING = YES;
				CLANG_WARN_BOOL_CONVERSION = YES;
				CLANG_WARN_COMMA = YES;
				CLANG_WARN_CONSTANT_CONVERSION = YES;
				CLANG_WARN_DEPRECATED_OBJC_IMPLEMENTATIONS = YES;
				CLANG_WARN_DIRECT_OBJC_ISA_USAGE = YES_ERROR;
				CLANG_WARN_DOCUMENTATION_COMMENTS = YES;
				CLANG_WARN_EMPTY_BODY = YES;
				CLANG_WARN_ENUM_CONVERSION = YES;
				CLANG_WARN_INFINITE_RECURSION = YES;
				CLANG_WARN_INT_CONVERSION = YES;
				CLANG_WARN_NON_LITERAL_NULL_CONVERSION = YES;
				CLANG_WARN_OBJC_IMPLICIT_RETAIN_SELF = YES;
				CLANG_WARN_OBJC_LITERAL_CONVERSION = YES;
				CLANG_WARN_OBJC_ROOT_CLASS = YES_ERROR;
				CLANG_WARN_QUOTED_INCLUDE_IN_FRAMEWORK_HEADER = YES;
				CLANG_WARN_RANGE_LOOP_ANALYSIS = YES;
				CLANG_WARN_STRICT_PROTOTYPES = YES;
				CLANG_WARN_SUSPICIOUS_MOVE = YES;
				CLANG_WARN_UNGUARDED_AVAILABILITY = YES_AGGRESSIVE;
				CLANG_WARN_UNREACHABLE_CODE = YES;
				CLANG_WARN__DUPLICATE_METHOD_MATCH = YES;
				COPY_PHASE_STRIP = NO;
				DEBUG_INFORMATION_FORMAT = dwarf;
				ENABLE_STRICT_OBJC_MSGSEND = YES;
				ENABLE_TESTABILITY = YES;
				GCC_C_LANGUAGE_STANDARD = gnu11;
				GCC_DYNAMIC_NO_PIC = NO;
				GCC_NO_COMMON_BLOCKS = YES;
				GCC_OPTIMIZATION_LEVEL = 0;
				GCC_PREPROCESSOR_DEFINITIONS = (
					"DEBUG=1",
					"$(inherited)",
				);
				GCC_WARN_64_TO_32_BIT_CONVERSION = YES;
				GCC_WARN_ABOUT_RETURN_TYPE = YES_ERROR;
				GCC_WARN_UNDECLARED_SELECTOR = YES;
				GCC_WARN_UNINITIALIZED_AUTOS = YES_AGGRESSIVE;
				GCC_WARN_UNUSED_FUNCTION = YES;
				GCC_WARN_UNUSED_VARIABLE = YES;
				IPHONEOS_DEPLOYMENT_TARGET = 16.0;
				MTL_ENABLE_DEBUG_INFO = INCLUDE_SOURCE;
				MTL_FAST_MATH = YES;
				ONLY_ACTIVE_ARCH = YES;
				SDKROOT = iphoneos;
				SWIFT_ACTIVE_COMPILATION_CONDITIONS = DEBUG;
				SWIFT_OPTIMIZATION_LEVEL = "-Onone";
			};
			name = Debug;
		};
		C5AADA5F2902624700D587B1 /* Release */ = {
			isa = XCBuildConfiguration;
			buildSettings = {
				ALWAYS_SEARCH_USER_PATHS = NO;
				CLANG_ANALYZER_NONNULL = YES;
				CLANG_ANALYZER_NUMBER_OBJECT_CONVERSION = YES_AGGRESSIVE;
				CLANG_CXX_LANGUAGE_STANDARD = "gnu++20";
				CLANG_ENABLE_MODULES = YES;
				CLANG_ENABLE_OBJC_ARC = YES;
				CLANG_ENABLE_OBJC_WEAK = YES;
				CLANG_WARN_BLOCK_CAPTURE_AUTORELEASING = YES;
				CLANG_WARN_BOOL_CONVERSION = YES;
				CLANG_WARN_COMMA = YES;
				CLANG_WARN_CONSTANT_CONVERSION = YES;
				CLANG_WARN_DEPRECATED_OBJC_IMPLEMENTATIONS = YES;
				CLANG_WARN_DIRECT_OBJC_ISA_USAGE = YES_ERROR;
				CLANG_WARN_DOCUMENTATION_COMMENTS = YES;
				CLANG_WARN_EMPTY_BODY = YES;
				CLANG_WARN_ENUM_CONVERSION = YES;
				CLANG_WARN_INFINITE_RECURSION = YES;
				CLANG_WARN_INT_CONVERSION = YES;
				CLANG_WARN_NON_LITERAL_NULL_CONVERSION = YES;
				CLANG_WARN_OBJC_IMPLICIT_RETAIN_SELF = YES;
				CLANG_WARN_OBJC_LITERAL_CONVERSION = YES;
				CLANG_WARN_OBJC_ROOT_CLASS = YES_ERROR;
				CLANG_WARN_QUOTED_INCLUDE_IN_FRAMEWORK_HEADER = YES;
				CLANG_WARN_RANGE_LOOP_ANALYSIS = YES;
				CLANG_WARN_STRICT_PROTOTYPES = YES;
				CLANG_WARN_SUSPICIOUS_MOVE = YES;
				CLANG_WARN_UNGUARDED_AVAILABILITY = YES_AGGRESSIVE;
				CLANG_WARN_UNREACHABLE_CODE = YES;
				CLANG_WARN__DUPLICATE_METHOD_MATCH = YES;
				COPY_PHASE_STRIP = NO;
				DEBUG_INFORMATION_FORMAT = "dwarf-with-dsym";
				ENABLE_NS_ASSERTIONS = NO;
				ENABLE_STRICT_OBJC_MSGSEND = YES;
				GCC_C_LANGUAGE_STANDARD = gnu11;
				GCC_NO_COMMON_BLOCKS = YES;
				GCC_WARN_64_TO_32_BIT_CONVERSION = YES;
				GCC_WARN_ABOUT_RETURN_TYPE = YES_ERROR;
				GCC_WARN_UNDECLARED_SELECTOR = YES;
				GCC_WARN_UNINITIALIZED_AUTOS = YES_AGGRESSIVE;
				GCC_WARN_UNUSED_FUNCTION = YES;
				GCC_WARN_UNUSED_VARIABLE = YES;
				IPHONEOS_DEPLOYMENT_TARGET = 16.0;
				MTL_ENABLE_DEBUG_INFO = NO;
				MTL_FAST_MATH = YES;
				SDKROOT = iphoneos;
				SWIFT_COMPILATION_MODE = wholemodule;
				SWIFT_OPTIMIZATION_LEVEL = "-O";
				VALIDATE_PRODUCT = YES;
			};
			name = Release;
		};
		C5AADA612902624700D587B1 /* Debug */ = {
			isa = XCBuildConfiguration;
			baseConfigurationReference = 52271F1474BD23429460F5F5 /* Pods-Messenger.debug.xcconfig */;
			buildSettings = {
				ASSETCATALOG_COMPILER_APPICON_NAME = AppIcon;
				ASSETCATALOG_COMPILER_GLOBAL_ACCENT_COLOR_NAME = AccentColor;
				CODE_SIGN_STYLE = Automatic;
				CURRENT_PROJECT_VERSION = 1;
				DEVELOPMENT_TEAM = Y8686RJS9V;
				GENERATE_INFOPLIST_FILE = YES;
				INFOPLIST_FILE = Messenger/Info.plist;
				INFOPLIST_KEY_UIApplicationSupportsIndirectInputEvents = YES;
				INFOPLIST_KEY_UILaunchStoryboardName = LaunchScreen;
				INFOPLIST_KEY_UIMainStoryboardFile = Main;
				INFOPLIST_KEY_UISupportedInterfaceOrientations = UIInterfaceOrientationPortrait;
				INFOPLIST_KEY_UISupportedInterfaceOrientations_iPad = "UIInterfaceOrientationLandscapeLeft UIInterfaceOrientationLandscapeRight UIInterfaceOrientationPortrait UIInterfaceOrientationPortraitUpsideDown";
				IPHONEOS_DEPLOYMENT_TARGET = 13.0;
				LD_RUNPATH_SEARCH_PATHS = (
					"$(inherited)",
					"@executable_path/Frameworks",
				);
				MARKETING_VERSION = 1.0;
				PRODUCT_BUNDLE_IDENTIFIER = "com.Hana-Salsabila.Messenger";
				PRODUCT_NAME = "$(TARGET_NAME)";
				SWIFT_EMIT_LOC_STRINGS = YES;
				SWIFT_VERSION = 5.0;
				TARGETED_DEVICE_FAMILY = "1,2";
			};
			name = Debug;
		};
		C5AADA622902624700D587B1 /* Release */ = {
			isa = XCBuildConfiguration;
			baseConfigurationReference = B63B3CF6923F4CA8F4BE9065 /* Pods-Messenger.release.xcconfig */;
			buildSettings = {
				ASSETCATALOG_COMPILER_APPICON_NAME = AppIcon;
				ASSETCATALOG_COMPILER_GLOBAL_ACCENT_COLOR_NAME = AccentColor;
				CODE_SIGN_STYLE = Automatic;
				CURRENT_PROJECT_VERSION = 1;
				DEVELOPMENT_TEAM = Y8686RJS9V;
				GENERATE_INFOPLIST_FILE = YES;
				INFOPLIST_FILE = Messenger/Info.plist;
				INFOPLIST_KEY_UIApplicationSupportsIndirectInputEvents = YES;
				INFOPLIST_KEY_UILaunchStoryboardName = LaunchScreen;
				INFOPLIST_KEY_UIMainStoryboardFile = Main;
				INFOPLIST_KEY_UISupportedInterfaceOrientations = UIInterfaceOrientationPortrait;
				INFOPLIST_KEY_UISupportedInterfaceOrientations_iPad = "UIInterfaceOrientationLandscapeLeft UIInterfaceOrientationLandscapeRight UIInterfaceOrientationPortrait UIInterfaceOrientationPortraitUpsideDown";
				IPHONEOS_DEPLOYMENT_TARGET = 13.0;
				LD_RUNPATH_SEARCH_PATHS = (
					"$(inherited)",
					"@executable_path/Frameworks",
				);
				MARKETING_VERSION = 1.0;
				PRODUCT_BUNDLE_IDENTIFIER = "com.Hana-Salsabila.Messenger";
				PRODUCT_NAME = "$(TARGET_NAME)";
				SWIFT_EMIT_LOC_STRINGS = YES;
				SWIFT_VERSION = 5.0;
				TARGETED_DEVICE_FAMILY = "1,2";
			};
			name = Release;
		};
/* End XCBuildConfiguration section */

/* Begin XCConfigurationList section */
		C5AADA472902624500D587B1 /* Build configuration list for PBXProject "Messenger" */ = {
			isa = XCConfigurationList;
			buildConfigurations = (
				C5AADA5E2902624700D587B1 /* Debug */,
				C5AADA5F2902624700D587B1 /* Release */,
			);
			defaultConfigurationIsVisible = 0;
			defaultConfigurationName = Release;
		};
		C5AADA602902624700D587B1 /* Build configuration list for PBXNativeTarget "Messenger" */ = {
			isa = XCConfigurationList;
			buildConfigurations = (
				C5AADA612902624700D587B1 /* Debug */,
				C5AADA622902624700D587B1 /* Release */,
			);
			defaultConfigurationIsVisible = 0;
			defaultConfigurationName = Release;
		};
/* End XCConfigurationList section */
	};
	rootObject = C5AADA442902624500D587B1 /* Project object */;
}
